
Microsoft Visual Studio Solution File, Format Version 12.00
# Visual Studio 15
Project("{FAE04EC0-301F-11D3-BF4B-00C04F79EFBC}") = "Cautionem", "Cautionem\Cautionem.csproj", "{3DC70B9C-3E79-4ADA-8A7D-E68B1D0A59FB}"
EndProject
Global
	GlobalSection(SolutionConfigurationPlatforms) = preSolution
		Debug|Any CPU = Debug|Any CPU
		Release|Any CPU = Release|Any CPU
	EndGlobalSection
	GlobalSection(ProjectConfigurationPlatforms) = postSolution
		{3DC70B9C-3E79-4ADA-8A7D-E68B1D0A59FB}.Debug|Any CPU.ActiveCfg = Debug|Any CPU
		{3DC70B9C-3E79-4ADA-8A7D-E68B1D0A59FB}.Debug|Any CPU.Build.0 = Debug|Any CPU
		{3DC70B9C-3E79-4ADA-8A7D-E68B1D0A59FB}.Release|Any CPU.ActiveCfg = Release|Any CPU
		{3DC70B9C-3E79-4ADA-8A7D-E68B1D0A59FB}.Release|Any CPU.Build.0 = Release|Any CPU
	EndGlobalSection
EndGlobal
